# This file is generated by running "yarn install" inside your project.
# Manual changes might be lost - proceed with caution!

__metadata:
  version: 6
  cacheKey: 8

"@types/unist@npm:^2.0.0":
  version: 2.0.6
  resolution: "@types/unist@npm:2.0.6"
  checksum: 25cb860ff10dde48b54622d58b23e66214211a61c84c0f15f88d38b61aa1b53d4d46e42b557924a93178c501c166aa37e28d7f6d994aba13d24685326272d5db
  languageName: node
  linkType: hard

"gatsby-remark-headers-link@workspace:.":
  version: 0.0.0-use.local
  resolution: "gatsby-remark-headers-link@workspace:."
  dependencies:
    mdast-util-to-string: 3.1.0
    unist-util-visit: 2.0.3
  languageName: unknown
  linkType: soft

"mdast-util-to-string@npm:3.1.0":
  version: 3.1.0
  resolution: "mdast-util-to-string@npm:3.1.0"
  checksum: f42ddd4e22f2215a75715b92ea6e3149c4ba356e7781d7b94fc86ded1c79cec3f986afeecef3a4a80068c9b224a6520099783a12146b957de24f020a3e47dd29
  languageName: node
  linkType: hard

"unist-util-is@npm:^4.0.0":
  version: 4.1.0
  resolution: "unist-util-is@npm:4.1.0"
  checksum: 726484cd2adc9be75a939aeedd48720f88294899c2e4a3143da413ae593f2b28037570730d5cf5fd910ff41f3bc1501e3d636b6814c478d71126581ef695f7ea
  languageName: node
  linkType: hard

"unist-util-visit-parents@npm:^3.0.0":
  version: 3.1.1
  resolution: "unist-util-visit-parents@npm:3.1.1"
  dependencies:
    "@types/unist": ^2.0.0
    unist-util-is: ^4.0.0
  checksum: 1170e397dff88fab01e76d5154981666eb0291019d2462cff7a2961a3e76d3533b42eaa16b5b7e2d41ad42a5ea7d112301458283d255993e660511387bf67bc3
  languageName: node
  linkType: hard

"unist-util-visit@npm:2.0.3":
  version: 2.0.3
  resolution: "unist-util-visit@npm:2.0.3"
  dependencies:
    "@types/unist": ^2.0.0
    unist-util-is: ^4.0.0
    unist-util-visit-parents: ^3.0.0
  checksum: 1fe19d500e212128f96d8c3cfa3312846e586b797748a1fd195fe6479f06bc90a6f6904deb08eefc00dd58e83a1c8a32fb8677252d2273ad7a5e624525b69b8f
  languageName: node
  linkType: hard
